
Microsoft Visual Studio Solution File, Format Version 12.00
# Visual Studio 15
VisualStudioVersion = 15.0.27009.1
MinimumVisualStudioVersion = 10.0.40219.1
Project("{FAE04EC0-301F-11D3-BF4B-00C04F79EFBC}") = "Web", "Web\Web.csproj", "{B87EFBB0-3FE2-49F3-A071-EE503AB16376}"
EndProject
Project("{FAE04EC0-301F-11D3-BF4B-00C04F79EFBC}") = "Web.Tests", "Web.Tests\Web.Tests.csproj", "{9C5C5B84-7DE9-41C6-AE64-36CFBB82B2D8}"
EndProject
Project("{00D1A9C2-B5F0-4AF3-8072-F6C62B433612}") = "Database", "Database\Database.sqlproj", "{33F85809-E407-4B12-83C4-BD877C3930C4}"
EndProject
Project("{FAE04EC0-301F-11D3-BF4B-00C04F79EFBC}") = "Hellolingo", "HelloLingo\Hellolingo.csproj", "{44FEDFC5-6FBA-4CB9-842A-D50CB5F964FF}"
EndProject
Project("{FAE04EC0-301F-11D3-BF4B-00C04F79EFBC}") = "HelloLingo.Tests", "HelloLingo.Tests\HelloLingo.Tests.csproj", "{5A3C7BD4-8D0F-481D-B4E0-14D6DEC5A90E}"
EndProject
Project("{2150E333-8FDC-42A3-9474-1A3956D46DE8}") = "Testing", "Testing", "{F14789DD-0434-47A7-B993-E62982739EE2}"
EndProject
Project("{FAE04EC0-301F-11D3-BF4B-00C04F79EFBC}") = "HelloLingo.Mock", "HelloLingo.Mock\HelloLingo.Mock.csproj", "{AB7BB744-A0C5-4F84-A78D-48068FCCD448}"
EndProject
Project("{FAE04EC0-301F-11D3-BF4B-00C04F79EFBC}") = "Web.Tests.EF", "Web.Tests.EF\Web.Tests.EF.csproj", "{D1AFAA04-E775-4007-8DA2-C703B760AF56}"
EndProject
Project("{FAE04EC0-301F-11D3-BF4B-00C04F79EFBC}") = "Database.Tests", "Database.Tests\Database.Tests.csproj", "{F97DAC1F-CB6B-4B2F-B526-3BDC856A7A0C}"
EndProject
Project("{FAE04EC0-301F-11D3-BF4B-00C04F79EFBC}") = "WebClient.Tests", "WebClient.Tests\WebClient.Tests.csproj", "{ED79A17D-06D2-4FEE-A744-EA189DD090C4}"
EndProject
Global
	GlobalSection(SolutionConfigurationPlatforms) = preSolution
		Debug|Any CPU = Debug|Any CPU
		Release|Any CPU = Release|Any CPU
		Staging|Any CPU = Staging|Any CPU
	EndGlobalSection
	GlobalSection(ProjectConfigurationPlatforms) = postSolution
		{B87EFBB0-3FE2-49F3-A071-EE503AB16376}.Debug|Any CPU.ActiveCfg = Debug|Any CPU
		{B87EFBB0-3FE2-49F3-A071-EE503AB16376}.Debug|Any CPU.Build.0 = Debug|Any CPU
		{B87EFBB0-3FE2-49F3-A071-EE503AB16376}.Release|Any CPU.ActiveCfg = Release|Any CPU
		{B87EFBB0-3FE2-49F3-A071-EE503AB16376}.Release|Any CPU.Build.0 = Release|Any CPU
		{B87EFBB0-3FE2-49F3-A071-EE503AB16376}.Staging|Any CPU.ActiveCfg = Staging|Any CPU
		{B87EFBB0-3FE2-49F3-A071-EE503AB16376}.Staging|Any CPU.Build.0 = Staging|Any CPU
		{9C5C5B84-7DE9-41C6-AE64-36CFBB82B2D8}.Debug|Any CPU.ActiveCfg = Debug|Any CPU
		{9C5C5B84-7DE9-41C6-AE64-36CFBB82B2D8}.Debug|Any CPU.Build.0 = Debug|Any CPU
		{9C5C5B84-7DE9-41C6-AE64-36CFBB82B2D8}.Release|Any CPU.ActiveCfg = Release|Any CPU
		{9C5C5B84-7DE9-41C6-AE64-36CFBB82B2D8}.Release|Any CPU.Build.0 = Release|Any CPU
		{9C5C5B84-7DE9-41C6-AE64-36CFBB82B2D8}.Staging|Any CPU.ActiveCfg = Staging|Any CPU
		{9C5C5B84-7DE9-41C6-AE64-36CFBB82B2D8}.Staging|Any CPU.Build.0 = Staging|Any CPU
		{33F85809-E407-4B12-83C4-BD877C3930C4}.Debug|Any CPU.ActiveCfg = Debug|Any CPU
		{33F85809-E407-4B12-83C4-BD877C3930C4}.Debug|Any CPU.Build.0 = Debug|Any CPU
		{33F85809-E407-4B12-83C4-BD877C3930C4}.Debug|Any CPU.Deploy.0 = Debug|Any CPU
		{33F85809-E407-4B12-83C4-BD877C3930C4}.Release|Any CPU.ActiveCfg = Release|Any CPU
		{33F85809-E407-4B12-83C4-BD877C3930C4}.Release|Any CPU.Build.0 = Release|Any CPU
		{33F85809-E407-4B12-83C4-BD877C3930C4}.Release|Any CPU.Deploy.0 = Release|Any CPU
		{33F85809-E407-4B12-83C4-BD877C3930C4}.Staging|Any CPU.ActiveCfg = Staging|Any CPU
		{33F85809-E407-4B12-83C4-BD877C3930C4}.Staging|Any CPU.Build.0 = Staging|Any CPU
		{33F85809-E407-4B12-83C4-BD877C3930C4}.Staging|Any CPU.Deploy.0 = Staging|Any CPU
		{44FEDFC5-6FBA-4CB9-842A-D50CB5F964FF}.Debug|Any CPU.ActiveCfg = Debug|Any CPU
		{44FEDFC5-6FBA-4CB9-842A-D50CB5F964FF}.Debug|Any CPU.Build.0 = Debug|Any CPU
		{44FEDFC5-6FBA-4CB9-842A-D50CB5F964FF}.Release|Any CPU.ActiveCfg = Release|Any CPU
		{44FEDFC5-6FBA-4CB9-842A-D50CB5F964FF}.Release|Any CPU.Build.0 = Release|Any CPU
		{44FEDFC5-6FBA-4CB9-842A-D50CB5F964FF}.Staging|Any CPU.ActiveCfg = Release|Any CPU
		{44FEDFC5-6FBA-4CB9-842A-D50CB5F964FF}.Staging|Any CPU.Build.0 = Release|Any CPU
		{5A3C7BD4-8D0F-481D-B4E0-14D6DEC5A90E}.Debug|Any CPU.ActiveCfg = Debug|Any CPU
		{5A3C7BD4-8D0F-481D-B4E0-14D6DEC5A90E}.Debug|Any CPU.Build.0 = Debug|Any CPU
		{5A3C7BD4-8D0F-481D-B4E0-14D6DEC5A90E}.Release|Any CPU.ActiveCfg = Release|Any CPU
		{5A3C7BD4-8D0F-481D-B4E0-14D6DEC5A90E}.Release|Any CPU.Build.0 = Release|Any CPU
		{5A3C7BD4-8D0F-481D-B4E0-14D6DEC5A90E}.Staging|Any CPU.ActiveCfg = Release|Any CPU
		{5A3C7BD4-8D0F-481D-B4E0-14D6DEC5A90E}.Staging|Any CPU.Build.0 = Release|Any CPU
		{AB7BB744-A0C5-4F84-A78D-48068FCCD448}.Debug|Any CPU.ActiveCfg = Debug|Any CPU
		{AB7BB744-A0C5-4F84-A78D-48068FCCD448}.Debug|Any CPU.Build.0 = Debug|Any CPU
		{AB7BB744-A0C5-4F84-A78D-48068FCCD448}.Release|Any CPU.ActiveCfg = Release|Any CPU
		{AB7BB744-A0C5-4F84-A78D-48068FCCD448}.Release|Any CPU.Build.0 = Release|Any CPU
		{AB7BB744-A0C5-4F84-A78D-48068FCCD448}.Staging|Any CPU.ActiveCfg = Release|Any CPU
		{AB7BB744-A0C5-4F84-A78D-48068FCCD448}.Staging|Any CPU.Build.0 = Release|Any CPU
		{D1AFAA04-E775-4007-8DA2-C703B760AF56}.Debug|Any CPU.ActiveCfg = Debug|Any CPU
		{D1AFAA04-E775-4007-8DA2-C703B760AF56}.Debug|Any CPU.Build.0 = Debug|Any CPU
		{D1AFAA04-E775-4007-8DA2-C703B760AF56}.Release|Any CPU.ActiveCfg = Release|Any CPU
		{D1AFAA04-E775-4007-8DA2-C703B760AF56}.Release|Any CPU.Build.0 = Release|Any CPU
		{D1AFAA04-E775-4007-8DA2-C703B760AF56}.Staging|Any CPU.ActiveCfg = Release|Any CPU
		{D1AFAA04-E775-4007-8DA2-C703B760AF56}.Staging|Any CPU.Build.0 = Release|Any CPU
		{F97DAC1F-CB6B-4B2F-B526-3BDC856A7A0C}.Debug|Any CPU.ActiveCfg = Debug|Any CPU
		{F97DAC1F-CB6B-4B2F-B526-3BDC856A7A0C}.Debug|Any CPU.Build.0 = Debug|Any CPU
		{F97DAC1F-CB6B-4B2F-B526-3BDC856A7A0C}.Release|Any CPU.ActiveCfg = Release|Any CPU
		{F97DAC1F-CB6B-4B2F-B526-3BDC856A7A0C}.Release|Any CPU.Build.0 = Release|Any CPU
		{F97DAC1F-CB6B-4B2F-B526-3BDC856A7A0C}.Staging|Any CPU.ActiveCfg = Release|Any CPU
		{F97DAC1F-CB6B-4B2F-B526-3BDC856A7A0C}.Staging|Any CPU.Build.0 = Release|Any CPU
		{ED79A17D-06D2-4FEE-A744-EA189DD090C4}.Debug|Any CPU.ActiveCfg = Debug|Any CPU
		{ED79A17D-06D2-4FEE-A744-EA189DD090C4}.Debug|Any CPU.Build.0 = Debug|Any CPU
		{ED79A17D-06D2-4FEE-A744-EA189DD090C4}.Release|Any CPU.ActiveCfg = Release|Any CPU
		{ED79A17D-06D2-4FEE-A744-EA189DD090C4}.Release|Any CPU.Build.0 = Release|Any CPU
		{ED79A17D-06D2-4FEE-A744-EA189DD090C4}.Staging|Any CPU.ActiveCfg = Debug|Any CPU
		{ED79A17D-06D2-4FEE-A744-EA189DD090C4}.Staging|Any CPU.Build.0 = Debug|Any CPU
	EndGlobalSection
	GlobalSection(SolutionProperties) = preSolution
		HideSolutionNode = FALSE
	EndGlobalSection
	GlobalSection(NestedProjects) = preSolution
		{9C5C5B84-7DE9-41C6-AE64-36CFBB82B2D8} = {F14789DD-0434-47A7-B993-E62982739EE2}
		{5A3C7BD4-8D0F-481D-B4E0-14D6DEC5A90E} = {F14789DD-0434-47A7-B993-E62982739EE2}
		{AB7BB744-A0C5-4F84-A78D-48068FCCD448} = {F14789DD-0434-47A7-B993-E62982739EE2}
		{D1AFAA04-E775-4007-8DA2-C703B760AF56} = {F14789DD-0434-47A7-B993-E62982739EE2}
		{F97DAC1F-CB6B-4B2F-B526-3BDC856A7A0C} = {F14789DD-0434-47A7-B993-E62982739EE2}
		{ED79A17D-06D2-4FEE-A744-EA189DD090C4} = {F14789DD-0434-47A7-B993-E62982739EE2}
	EndGlobalSection
	GlobalSection(ExtensibilityGlobals) = postSolution
		SolutionGuid = {9F7BF05E-4D9E-4B4F-9C16-3E3BCFB3B9E6}
	EndGlobalSection
EndGlobal
